
Microsoft Visual Studio Solution File, Format Version 12.00
# Visual Studio 15
VisualStudioVersion = 15.0.27428.2027
MinimumVisualStudioVersion = 10.0.40219.1
Project("{FAE04EC0-301F-11D3-BF4B-00C04F79EFBC}") = "MANIEDIT", "MANIEDIT\MANIEDIT.csproj", "{737F1D59-71BC-4B2C-9C63-0FC8107944BB}"
EndProject
Global
	GlobalSection(SolutionConfigurationPlatforms) = preSolution
		Debug|Any CPU = Debug|Any CPU
		Release|Any CPU = Release|Any CPU
	EndGlobalSection
	GlobalSection(ProjectConfigurationPlatforms) = postSolution
		{737F1D59-71BC-4B2C-9C63-0FC8107944BB}.Debug|Any CPU.ActiveCfg = Debug|Any CPU
		{737F1D59-71BC-4B2C-9C63-0FC8107944BB}.Debug|Any CPU.Build.0 = Debug|Any CPU
		{737F1D59-71BC-4B2C-9C63-0FC8107944BB}.Release|Any CPU.ActiveCfg = Release|Any CPU
		{737F1D59-71BC-4B2C-9C63-0FC8107944BB}.Release|Any CPU.Build.0 = Release|Any CPU
	EndGlobalSection
	GlobalSection(SolutionProperties) = preSolution
		HideSolutionNode = FALSE
	EndGlobalSection
	GlobalSection(ExtensibilityGlobals) = postSolution
		SolutionGuid = {9FFEE102-3A61-4B96-9C55-7A1B5D015B4C}
	EndGlobalSection
EndGlobal
